
Microsoft Visual Studio Solution File, Format Version 12.00
# Visual Studio 14
VisualStudioVersion = 14.0.25420.1
MinimumVisualStudioVersion = 10.0.40219.1
Project("{FAE04EC0-301F-11D3-BF4B-00C04F79EFBC}") = "MyRestfulApi", "MyRestfulApi\MyRestfulApi.csproj", "{9C16C62F-19E6-4C46-86C2-084A055A68D0}"
EndProject
Project("{FAE04EC0-301F-11D3-BF4B-00C04F79EFBC}") = "MyRestfulApi.Core", "MyRestfulApi.Core\MyRestfulApi.Core.csproj", "{8E3C7821-E879-4355-AE84-C4B3B0634B52}"
EndProject
Project("{FAE04EC0-301F-11D3-BF4B-00C04F79EFBC}") = "MyRestfulApi.Services", "MyRestfulApi.Services\MyRestfulApi.Services.csproj", "{C5C37206-1238-42D4-BF72-39DA142C790C}"
EndProject
Project("{FAE04EC0-301F-11D3-BF4B-00C04F79EFBC}") = "MyRestfulApi.Data", "MyRestfulApi.Data\MyRestfulApi.Data.csproj", "{202DC235-A087-494C-88E9-EBB7EB5C2A04}"
EndProject
Project("{FAE04EC0-301F-11D3-BF4B-00C04F79EFBC}") = "MyRestfulApi.Tests", "MyRestfulApi.Tests\MyRestfulApi.Tests.csproj", "{806E688D-5692-4C84-9AAB-CB3AF390AAC5}"
EndProject
Global
	GlobalSection(SolutionConfigurationPlatforms) = preSolution
		Debug|Any CPU = Debug|Any CPU
		Release|Any CPU = Release|Any CPU
	EndGlobalSection
	GlobalSection(ProjectConfigurationPlatforms) = postSolution
		{9C16C62F-19E6-4C46-86C2-084A055A68D0}.Debug|Any CPU.ActiveCfg = Debug|Any CPU
		{9C16C62F-19E6-4C46-86C2-084A055A68D0}.Debug|Any CPU.Build.0 = Debug|Any CPU
		{9C16C62F-19E6-4C46-86C2-084A055A68D0}.Release|Any CPU.ActiveCfg = Release|Any CPU
		{9C16C62F-19E6-4C46-86C2-084A055A68D0}.Release|Any CPU.Build.0 = Release|Any CPU
		{8E3C7821-E879-4355-AE84-C4B3B0634B52}.Debug|Any CPU.ActiveCfg = Debug|Any CPU
		{8E3C7821-E879-4355-AE84-C4B3B0634B52}.Debug|Any CPU.Build.0 = Debug|Any CPU
		{8E3C7821-E879-4355-AE84-C4B3B0634B52}.Release|Any CPU.ActiveCfg = Release|Any CPU
		{8E3C7821-E879-4355-AE84-C4B3B0634B52}.Release|Any CPU.Build.0 = Release|Any CPU
		{C5C37206-1238-42D4-BF72-39DA142C790C}.Debug|Any CPU.ActiveCfg = Debug|Any CPU
		{C5C37206-1238-42D4-BF72-39DA142C790C}.Debug|Any CPU.Build.0 = Debug|Any CPU
		{C5C37206-1238-42D4-BF72-39DA142C790C}.Release|Any CPU.ActiveCfg = Release|Any CPU
		{C5C37206-1238-42D4-BF72-39DA142C790C}.Release|Any CPU.Build.0 = Release|Any CPU
		{202DC235-A087-494C-88E9-EBB7EB5C2A04}.Debug|Any CPU.ActiveCfg = Debug|Any CPU
		{202DC235-A087-494C-88E9-EBB7EB5C2A04}.Debug|Any CPU.Build.0 = Debug|Any CPU
		{202DC235-A087-494C-88E9-EBB7EB5C2A04}.Release|Any CPU.ActiveCfg = Release|Any CPU
		{202DC235-A087-494C-88E9-EBB7EB5C2A04}.Release|Any CPU.Build.0 = Release|Any CPU
		{806E688D-5692-4C84-9AAB-CB3AF390AAC5}.Debug|Any CPU.ActiveCfg = Debug|Any CPU
		{806E688D-5692-4C84-9AAB-CB3AF390AAC5}.Debug|Any CPU.Build.0 = Debug|Any CPU
		{806E688D-5692-4C84-9AAB-CB3AF390AAC5}.Release|Any CPU.ActiveCfg = Release|Any CPU
		{806E688D-5692-4C84-9AAB-CB3AF390AAC5}.Release|Any CPU.Build.0 = Release|Any CPU
	EndGlobalSection
	GlobalSection(SolutionProperties) = preSolution
		HideSolutionNode = FALSE
	EndGlobalSection
EndGlobal
